<?xml version="1.0" encoding="utf-8"?>
<Project ToolsVersion="4.0" xmlns="http://schemas.microsoft.com/developer/msbuild/2003">
  <ItemGroup>
    <Filter Include="Source Files">
      <UniqueIdentifier>{4FC737F1-C7A5-4376-A066-2A32D752A2FF}</UniqueIdentifier>
      <Extensions>cpp;c;cc;cxx;def;odl;idl;hpj;bat;asm;asmx</Extensions>
    </Filter>
    <Filter Include="Header Files">
      <UniqueIdentifier>{93995380-89BD-4b04-88EB-625FBE52EBFB}</UniqueIdentifier>
      <Extensions>h;hh;hpp;hxx;hm;inl;inc;xsd</Extensions>
    </Filter>
    <Filter Include="Form Files">
      <UniqueIdentifier>{99349809-55BA-4b9d-BF79-8FDBB0286EB3}</UniqueIdentifier>
      <Extensions>ui</Extensions>
    </Filter>
    <Filter Include="Translation Files">
      <UniqueIdentifier>{639EADAA-A684-42e4-A9AD-28FC9BCB8F7C}</UniqueIdentifier>
      <Extensions>ts</Extensions>
    </Filter>
    <Filter Include="Resource Files">
      <UniqueIdentifier>{67DA6AB6-F800-4c08-8B7A-83BB121AAD01}</UniqueIdentifier>
      <Extensions>qrc;rc;ico;cur;bmp;dlg;rc2;rct;bin;rgs;gif;jpg;jpeg;jpe;resx;tiff;tif;png;wav;mfcribbon-ms</Extensions>
    </Filter>
  </ItemGroup>
  <ItemGroup>
    <QtRcc Include="mainwindow.qrc">
      <Filter>Resource Files</Filter>
    </QtRcc>
    <QtMoc Include="mainwindow.h">
      <Filter>Header Files</Filter>
    </QtMoc>
    <ClCompile Include="mainwindow.cpp">
      <Filter>Source Files</Filter>
    </ClCompile>
  </ItemGroup>
  <ItemGroup>
    <ClCompile Include="main.cpp">
      <Filter>Source Files</Filter>
    </ClCompile>
    <ClCompile Include="mypushbutton.cpp">
      <Filter>Source Files</Filter>
    </ClCompile>
    <ClCompile Include="map.cpp">
      <Filter>Source Files</Filter>
    </ClCompile>
    <ClCompile Include="storedbutton.cpp">
      <Filter>Source Files</Filter>
    </ClCompile>
    <ClCompile Include="data.cpp">
      <Filter>Source Files</Filter>
    </ClCompile>
    <ClCompile Include="character.cpp">
      <Filter>Source Files</Filter>
    </ClCompile>
    <ClCompile Include="enemy.cpp">
      <Filter>Source Files</Filter>
    </ClCompile>
    <ClCompile Include="level.cpp">
      <Filter>Source Files</Filter>
    </ClCompile>
    <ClCompile Include="game.cpp">
      <Filter>Source Files</Filter>
    </ClCompile>
    <ClCompile Include="config.cpp">
      <Filter>Source Files</Filter>
    </ClCompile>
    <ClCompile Include="menu.cpp">
      <Filter>Source Files</Filter>
    </ClCompile>
    <ClCompile Include="store.cpp">
      <Filter>Source Files</Filter>
    </ClCompile>
    <ClCompile Include="tower.cpp">
      <Filter>Source Files</Filter>
    </ClCompile>
    <ClCompile Include="spade.cpp">
      <Filter>Source Files</Filter>
    </ClCompile>
    <ClCompile Include="soldier.cpp">
      <Filter>Source Files</Filter>
    </ClCompile>
    <ClCompile Include="bullet.cpp">
      <Filter>Source Files</Filter>
    </ClCompile>
    <ClCompile Include="rally.cpp">
      <Filter>Source Files</Filter>
    </ClCompile>
  </ItemGroup>
  <ItemGroup>
    <QtMoc Include="mypushbutton.h">
      <Filter>Header Files</Filter>
    </QtMoc>
    <QtMoc Include="map.h">
      <Filter>Header Files</Filter>
    </QtMoc>
    <QtMoc Include="storedbutton.h">
      <Filter>Header Files</Filter>
    </QtMoc>
    <QtMoc Include="character.h">
      <Filter>Header Files</Filter>
    </QtMoc>
    <QtMoc Include="enemy.h">
      <Filter>Header Files</Filter>
    </QtMoc>
    <QtMoc Include="level.h">
      <Filter>Header Files</Filter>
    </QtMoc>
    <QtMoc Include="game.h">
      <Filter>Header Files</Filter>
    </QtMoc>
    <QtMoc Include="menu.h">
      <Filter>Header Files</Filter>
    </QtMoc>
    <QtMoc Include="store.h">
      <Filter>Header Files</Filter>
    </QtMoc>
    <QtMoc Include="tower.h">
      <Filter>Header Files</Filter>
    </QtMoc>
    <QtMoc Include="spade.h">
      <Filter>Header Files</Filter>
    </QtMoc>
    <QtMoc Include="soldier.h">
      <Filter>Header Files</Filter>
    </QtMoc>
    <QtMoc Include="bullet.h">
      <Filter>Header Files</Filter>
    </QtMoc>
    <QtMoc Include="rally.h">
      <Filter>Header Files</Filter>
    </QtMoc>
  </ItemGroup>
  <ItemGroup>
    <ClInclude Include="data.h">
      <Filter>Header Files</Filter>
    </ClInclude>
    <ClInclude Include="config.h">
      <Filter>Header Files</Filter>
    </ClInclude>
  </ItemGroup>
  <ItemGroup>
    <QtUic Include="mainwindow.ui">
      <Filter>Form Files</Filter>
    </QtUic>
  </ItemGroup>
</Project>